{
  "version": 4,
  "terraform_version": "1.14.1",
  "serial": 9,
  "lineage": "2f041fbb-be25-4807-4446-06a41996480d",
  "outputs": {
    "lambda1_prod_arn": {
      "value": "arn:aws:lambda:eu-west-1:724772084347:function:lambda1-prod",
      "type": "string"
    },
    "lambda1_prod_name": {
      "value": "lambda1-prod",
      "type": "string"
    },
    "lambda1_prod_security_group": {
      "value": [
        "sg-0f505eade8cae8065"
      ],
      "type": [
        "set",
        "string"
      ]
    },
    "lambda1_prod_vpc_subnet": {
      "value": [
        "subnet-0caa425940d669915"
      ],
      "type": [
        "set",
        "string"
      ]
    },
    "lambda2_prod_arn": {
      "value": "arn:aws:lambda:eu-west-1:724772084347:function:lambda2-prod",
      "type": "string"
    },
    "lambda2_prod_name": {
      "value": "lambda2-prod",
      "type": "string"
    },
    "lambda2_prod_security_group": {
      "value": [
        "sg-0f505eade8cae8065"
      ],
      "type": [
        "set",
        "string"
      ]
    },
    "lambda2_prod_vpc_subnet": {
      "value": [
        "subnet-0caa425940d669915"
      ],
      "type": [
        "set",
        "string"
      ]
    }
  },
  "resources": [
    {
      "mode": "data",
      "type": "aws_s3_bucket_object",
      "name": "lambda1_code",
      "provider": "provider[\"registry.terraform.io/hashicorp/aws\"]",
      "instances": [
        {
          "schema_version": 0,
          "attributes": {
            "arn": "arn:aws:s3:::lambda-artifacts-ziad/lambda/lambda1.zip",
            "body": null,
            "bucket": "lambda-artifacts-ziad",
            "bucket_key_enabled": false,
            "cache_control": "",
            "content_disposition": "",
            "content_encoding": "",
            "content_language": "",
            "content_length": 287,
            "content_type": "application/zip",
            "etag": "a75684255532370f1e2a3942b272f829",
            "expiration": "",
            "expires": "",
            "id": "lambda-artifacts-ziad/lambda/lambda1.zip",
            "key": "lambda/lambda1.zip",
            "last_modified": "Wed, 10 Dec 2025 09:25:18 UTC",
            "metadata": {},
            "object_lock_legal_hold_status": "",
            "object_lock_mode": "",
            "object_lock_retain_until_date": "",
            "range": null,
            "region": "eu-west-1",
            "server_side_encryption": "AES256",
            "sse_kms_key_id": "",
            "storage_class": "STANDARD",
            "tags": {},
            "version_id": "",
            "website_redirect_location": ""
          },
          "sensitive_attributes": [],
          "identity_schema_version": 0
        }
      ]
    },
    {
      "mode": "data",
      "type": "aws_s3_bucket_object",
      "name": "lambda2_code",
      "provider": "provider[\"registry.terraform.io/hashicorp/aws\"]",
      "instances": [
        {
          "schema_version": 0,
          "attributes": {
            "arn": "arn:aws:s3:::lambda-artifacts-ziad/lambda/lambda2.zip",
            "body": null,
            "bucket": "lambda-artifacts-ziad",
            "bucket_key_enabled": false,
            "cache_control": "",
            "content_disposition": "",
            "content_encoding": "",
            "content_language": "",
            "content_length": 287,
            "content_type": "application/zip",
            "etag": "8278339aeaefd94b1f8f0535aec8a530",
            "expiration": "",
            "expires": "",
            "id": "lambda-artifacts-ziad/lambda/lambda2.zip",
            "key": "lambda/lambda2.zip",
            "last_modified": "Wed, 10 Dec 2025 09:25:19 UTC",
            "metadata": {},
            "object_lock_legal_hold_status": "",
            "object_lock_mode": "",
            "object_lock_retain_until_date": "",
            "range": null,
            "region": "eu-west-1",
            "server_side_encryption": "AES256",
            "sse_kms_key_id": "",
            "storage_class": "STANDARD",
            "tags": {},
            "version_id": "",
            "website_redirect_location": ""
          },
          "sensitive_attributes": [],
          "identity_schema_version": 0
        }
      ]
    },
    {
      "mode": "data",
      "type": "terraform_remote_state",
      "name": "vpc_prod",
      "provider": "provider[\"terraform.io/builtin/terraform\"]",
      "instances": [
        {
          "schema_version": 0,
          "attributes": {
            "backend": "s3",
            "config": {
              "value": {
                "bucket": "ziad-infraterraform-state-simple",
                "key": "infra/terraform.tfstate",
                "region": "eu-west-1"
              },
              "type": [
                "object",
                {
                  "bucket": "string",
                  "key": "string",
                  "region": "string"
                }
              ]
            },
            "defaults": null,
            "outputs": {
              "value": {
                "prod_internet_gateway_id": "igw-0a773f4468e29221c",
                "prod_lambda_sg_id": "sg-0f505eade8cae8065",
                "prod_private_route_table_id": "rtb-051e516122f8e6ffa",
                "prod_private_subnet_id": "subnet-0caa425940d669915",
                "prod_public_route_table_id": "rtb-0f215b61ba5f7505a",
                "prod_public_subnet_id": "subnet-093f1c1d226daec4d",
                "prod_s3_vpc_endpoint_id": "vpce-0608c50effb1162cc",
                "prod_vpc_id": "vpc-0cfee0aa83005f7cc",
                "test_internet_gateway_id": "igw-0364f900eca73bdad",
                "test_lambda_sg_id": "sg-0097873202aa202a2",
                "test_private_route_table_id": "rtb-0ffa66c3ab2013344",
                "test_private_subnet_id": "subnet-0faeba33f8bcb7bd9",
                "test_public_route_table_id": "rtb-0fc49549c1a82329f",
                "test_public_subnet_id": "subnet-0c9fe3a78dcb07617",
                "test_s3_vpc_endpoint_id": "vpce-0f86f22da00aba916",
                "test_vpc_id": "vpc-003a433da78d81156"
              },
              "type": [
                "object",
                {
                  "prod_internet_gateway_id": "string",
                  "prod_lambda_sg_id": "string",
                  "prod_private_route_table_id": "string",
                  "prod_private_subnet_id": "string",
                  "prod_public_route_table_id": "string",
                  "prod_public_subnet_id": "string",
                  "prod_s3_vpc_endpoint_id": "string",
                  "prod_vpc_id": "string",
                  "test_internet_gateway_id": "string",
                  "test_lambda_sg_id": "string",
                  "test_private_route_table_id": "string",
                  "test_private_subnet_id": "string",
                  "test_public_route_table_id": "string",
                  "test_public_subnet_id": "string",
                  "test_s3_vpc_endpoint_id": "string",
                  "test_vpc_id": "string"
                }
              ]
            },
            "workspace": null
          },
          "sensitive_attributes": [],
          "identity_schema_version": 0
        }
      ]
    },
    {
      "mode": "managed",
      "type": "aws_lambda_function",
      "name": "lambda1_prod",
      "provider": "provider[\"registry.terraform.io/hashicorp/aws\"]",
      "instances": [
        {
          "schema_version": 0,
          "attributes": {
            "architectures": [
              "x86_64"
            ],
            "arn": "arn:aws:lambda:eu-west-1:724772084347:function:lambda1-prod",
            "capacity_provider_config": [],
            "code_sha256": "LCO6yuoHuaD9gbNTQf1rnjq2VUu9VUKSpT0gEnm+ypI=",
            "code_signing_config_arn": "",
            "dead_letter_config": [],
            "description": "",
            "durable_config": [],
            "environment": [],
            "ephemeral_storage": [
              {
                "size": 512
              }
            ],
            "file_system_config": [],
            "filename": null,
            "function_name": "lambda1-prod",
            "handler": "lambda_function.lambda_handler",
            "id": "lambda1-prod",
            "image_config": [],
            "image_uri": "",
            "invoke_arn": "arn:aws:apigateway:eu-west-1:lambda:path/2015-03-31/functions/arn:aws:lambda:eu-west-1:724772084347:function:lambda1-prod/invocations",
            "kms_key_arn": "",
            "last_modified": "2025-12-10T10:10:33.000+0000",
            "layers": [],
            "logging_config": [
              {
                "application_log_level": "",
                "log_format": "Text",
                "log_group": "/aws/lambda/lambda1-prod",
                "system_log_level": ""
              }
            ],
            "memory_size": 128,
            "package_type": "Zip",
            "publish": false,
            "publish_to": null,
            "qualified_arn": "arn:aws:lambda:eu-west-1:724772084347:function:lambda1-prod:$LATEST",
            "qualified_invoke_arn": "arn:aws:apigateway:eu-west-1:lambda:path/2015-03-31/functions/arn:aws:lambda:eu-west-1:724772084347:function:lambda1-prod:$LATEST/invocations",
            "region": "eu-west-1",
            "replace_security_groups_on_destroy": null,
            "replacement_security_group_ids": null,
            "reserved_concurrent_executions": -1,
            "role": "arn:aws:iam::724772084347:role/s3-allow-access",
            "runtime": "python3.13",
            "s3_bucket": "lambda-artifacts-ziad",
            "s3_key": "lambda/lambda1.zip",
            "s3_object_version": null,
            "signing_job_arn": "",
            "signing_profile_version_arn": "",
            "skip_destroy": false,
            "snap_start": [],
            "source_code_hash": "a75684255532370f1e2a3942b272f829",
            "source_code_size": 287,
            "source_kms_key_arn": "",
            "tags": {},
            "tags_all": {},
            "tenancy_config": [],
            "timeout": 3,
            "timeouts": null,
            "tracing_config": [
              {
                "mode": "PassThrough"
              }
            ],
            "version": "$LATEST",
            "vpc_config": [
              {
                "ipv6_allowed_for_dual_stack": false,
                "security_group_ids": [
                  "sg-0f505eade8cae8065"
                ],
                "subnet_ids": [
                  "subnet-0caa425940d669915"
                ],
                "vpc_id": "vpc-0cfee0aa83005f7cc"
              }
            ]
          },
          "sensitive_attributes": [],
          "identity_schema_version": 0,
          "identity": {
            "account_id": "724772084347",
            "function_name": "lambda1-prod",
            "region": "eu-west-1"
          },
          "private": "eyJlMmJmYjczMC1lY2FhLTExZTYtOGY4OC0zNDM2M2JjN2M0YzAiOnsiY3JlYXRlIjo2MDAwMDAwMDAwMDAsImRlbGV0ZSI6NjAwMDAwMDAwMDAwLCJ1cGRhdGUiOjYwMDAwMDAwMDAwMH19",
          "dependencies": [
            "data.aws_s3_bucket_object.lambda1_code",
            "data.terraform_remote_state.vpc_prod"
          ]
        }
      ]
    },
    {
      "mode": "managed",
      "type": "aws_lambda_function",
      "name": "lambda2_prod",
      "provider": "provider[\"registry.terraform.io/hashicorp/aws\"]",
      "instances": [
        {
          "schema_version": 0,
          "attributes": {
            "architectures": [
              "x86_64"
            ],
            "arn": "arn:aws:lambda:eu-west-1:724772084347:function:lambda2-prod",
            "capacity_provider_config": [],
            "code_sha256": "lQH3HD/borVzx5uiSE2x8awHEEX4ZPPuzsEvKaDOrYE=",
            "code_signing_config_arn": "",
            "dead_letter_config": [],
            "description": "",
            "durable_config": [],
            "environment": [],
            "ephemeral_storage": [
              {
                "size": 512
              }
            ],
            "file_system_config": [],
            "filename": null,
            "function_name": "lambda2-prod",
            "handler": "lambda_function.lambda_handler",
            "id": "lambda2-prod",
            "image_config": [],
            "image_uri": "",
            "invoke_arn": "arn:aws:apigateway:eu-west-1:lambda:path/2015-03-31/functions/arn:aws:lambda:eu-west-1:724772084347:function:lambda2-prod/invocations",
            "kms_key_arn": "",
            "last_modified": "2025-12-10T10:08:25.000+0000",
            "layers": [],
            "logging_config": [
              {
                "application_log_level": "",
                "log_format": "Text",
                "log_group": "/aws/lambda/lambda2-prod",
                "system_log_level": ""
              }
            ],
            "memory_size": 128,
            "package_type": "Zip",
            "publish": false,
            "publish_to": null,
            "qualified_arn": "arn:aws:lambda:eu-west-1:724772084347:function:lambda2-prod:$LATEST",
            "qualified_invoke_arn": "arn:aws:apigateway:eu-west-1:lambda:path/2015-03-31/functions/arn:aws:lambda:eu-west-1:724772084347:function:lambda2-prod:$LATEST/invocations",
            "region": "eu-west-1",
            "replace_security_groups_on_destroy": null,
            "replacement_security_group_ids": null,
            "reserved_concurrent_executions": -1,
            "role": "arn:aws:iam::724772084347:role/s3-allow-access",
            "runtime": "python3.13",
            "s3_bucket": "lambda-artifacts-ziad",
            "s3_key": "lambda/lambda2.zip",
            "s3_object_version": null,
            "signing_job_arn": "",
            "signing_profile_version_arn": "",
            "skip_destroy": false,
            "snap_start": [],
            "source_code_hash": "8278339aeaefd94b1f8f0535aec8a530",
            "source_code_size": 287,
            "source_kms_key_arn": "",
            "tags": {},
            "tags_all": {},
            "tenancy_config": [],
            "timeout": 3,
            "timeouts": null,
            "tracing_config": [
              {
                "mode": "PassThrough"
              }
            ],
            "version": "$LATEST",
            "vpc_config": [
              {
                "ipv6_allowed_for_dual_stack": false,
                "security_group_ids": [
                  "sg-0f505eade8cae8065"
                ],
                "subnet_ids": [
                  "subnet-0caa425940d669915"
                ],
                "vpc_id": "vpc-0cfee0aa83005f7cc"
              }
            ]
          },
          "sensitive_attributes": [],
          "identity_schema_version": 0,
          "identity": {
            "account_id": "724772084347",
            "function_name": "lambda2-prod",
            "region": "eu-west-1"
          },
          "private": "eyJlMmJmYjczMC1lY2FhLTExZTYtOGY4OC0zNDM2M2JjN2M0YzAiOnsiY3JlYXRlIjo2MDAwMDAwMDAwMDAsImRlbGV0ZSI6NjAwMDAwMDAwMDAwLCJ1cGRhdGUiOjYwMDAwMDAwMDAwMH19",
          "dependencies": [
            "data.aws_s3_bucket_object.lambda2_code",
            "data.terraform_remote_state.vpc_prod"
          ]
        }
      ]
    }
  ],
  "check_results": null
}
